# THIS IS AN AUTOGENERATED FILE. DO NOT EDIT THIS FILE DIRECTLY.
# yarn lockfile v1


fronto-connect@^1.2.0:
  version "1.2.0"
  resolved "https://registry.yarnpkg.com/fronto-connect/-/fronto-connect-1.2.0.tgz#09a751cddf03501f5db5605dc6d2437dc993bddb"
  integrity sha512-BzJ3UaZALIkr+YwcdJCdEsb+gLedLfuiiZuR27gTmrwIoxVFWl5JrDsEtUj86xAEcA3V1SfWj/sIWP8oRb+m+A==
  dependencies:
    mobx "^5.6.0"

i18n-js@^3.3.0:
  version "3.3.0"
  resolved "https://registry.yarnpkg.com/i18n-js/-/i18n-js-3.3.0.tgz#05512f7184b5117c087ab597be649720a834c068"
  integrity sha512-+m8jh84IIWlFwEJgwrWCkeIwIES9ilJKBOj5qx8ZTLLmlPz7bjKnCdxf254wRf6M4pkQHtgXGT9r9lGk0e9aug==

mobx@^5.6.0:
  version "5.11.0"
  resolved "https://registry.yarnpkg.com/mobx/-/mobx-5.11.0.tgz#58c64769bc2408ccde35fc2bac4cd5b8ae7b28a6"
  integrity sha512-WMZCgjuW9vo2MhumrhJa0byTGdlZQcTKzLW9LoqMdmqVqWnG74HOSXWJ0YpxBngsc/rAUMwvdy+CVnw+/a4yeg==
