# THIS IS AN AUTOGENERATED FILE. DO NOT EDIT THIS FILE DIRECTLY.
# yarn lockfile v1


i18n-js@^3.3.0:
  version "3.3.0"
  resolved "https://registry.yarnpkg.com/i18n-js/-/i18n-js-3.3.0.tgz#05512f7184b5117c087ab597be649720a834c068"
  integrity sha512-+m8jh84IIWlFwEJgwrWCkeIwIES9ilJKBOj5qx8ZTLLmlPz7bjKnCdxf254wRf6M4pkQHtgXGT9r9lGk0e9aug==
